
Microsoft Visual Studio Solution File, Format Version 12.00
# Visual Studio Version 16
VisualStudioVersion = 16.0.32630.194
MinimumVisualStudioVersion = 10.0.40219.1
Project("{FAE04EC0-301F-11D3-BF4B-00C04F79EFBC}") = "ConsoleApp4", "ConsoleApp4\ConsoleApp4.csproj", "{DDBBFE73-5AC3-4A2E-811F-47CF06838F0C}"
EndProject
Global
	GlobalSection(SolutionConfigurationPlatforms) = preSolution
		Debug|Any CPU = Debug|Any CPU
		Release|Any CPU = Release|Any CPU
	EndGlobalSection
	GlobalSection(ProjectConfigurationPlatforms) = postSolution
		{DDBBFE73-5AC3-4A2E-811F-47CF06838F0C}.Debug|Any CPU.ActiveCfg = Debug|Any CPU
		{DDBBFE73-5AC3-4A2E-811F-47CF06838F0C}.Debug|Any CPU.Build.0 = Debug|Any CPU
		{DDBBFE73-5AC3-4A2E-811F-47CF06838F0C}.Release|Any CPU.ActiveCfg = Release|Any CPU
		{DDBBFE73-5AC3-4A2E-811F-47CF06838F0C}.Release|Any CPU.Build.0 = Release|Any CPU
	EndGlobalSection
	GlobalSection(SolutionProperties) = preSolution
		HideSolutionNode = FALSE
	EndGlobalSection
	GlobalSection(ExtensibilityGlobals) = postSolution
		SolutionGuid = {946A2D84-BB7A-4A3A-8EA9-8E904C3EB929}
	EndGlobalSection
EndGlobal
